<Solution>
  <Folder Name="/src/">
    <Project Path="src/JobTrackr.Api/JobTrackr.Api.csproj" />
    <Project Path="src/JobTrackr.Application/JobTrackr.Application.csproj" />
    <Project Path="src/JobTrackr.Domain/JobTrackr.Domain.csproj" />
    <Project Path="src/JobTrackr.Infrastructure/JobTrackr.Infrastructure.csproj" />
  </Folder>
  <Folder Name="/tests/">
    <Project Path="tests/JobTrackr.Tests/JobTrackr.Tests.csproj" />
  </Folder>
</Solution>
